// !$*UTF8*$!
{
	archiveVersion = 1;
	classes = {
	};
	objectVersion = 48;
	objects = {

/* Begin PBXBuildFile section */
		9351539A3A97293B32E6B6DA /* Pods_newsApp.framework in Frameworks */ = {isa = PBXBuildFile; fileRef = 121A515C56BB9B8B95B7AB64 /* Pods_newsApp.framework */; };
		C7758C84206537F5001CBF99 /* AppDelegate.swift in Sources */ = {isa = PBXBuildFile; fileRef = C7758C83206537F5001CBF99 /* AppDelegate.swift */; };
		C7758C86206537F5001CBF99 /* ViewController.swift in Sources */ = {isa = PBXBuildFile; fileRef = C7758C85206537F5001CBF99 /* ViewController.swift */; };
		C7758C89206537F5001CBF99 /* Main.storyboard in Resources */ = {isa = PBXBuildFile; fileRef = C7758C87206537F5001CBF99 /* Main.storyboard */; };
		C7758C8B206537F5001CBF99 /* Assets.xcassets in Resources */ = {isa = PBXBuildFile; fileRef = C7758C8A206537F5001CBF99 /* Assets.xcassets */; };
		C7758C8E206537F5001CBF99 /* LaunchScreen.storyboard in Resources */ = {isa = PBXBuildFile; fileRef = C7758C8C206537F5001CBF99 /* LaunchScreen.storyboard */; };
		C7758C962065427C001CBF99 /* WallStreetTableViewCell.swift in Sources */ = {isa = PBXBuildFile; fileRef = C7758C952065427C001CBF99 /* WallStreetTableViewCell.swift */; };
		C7758CF92069147D001CBF99 /* WallStreetViewController.swift in Sources */ = {isa = PBXBuildFile; fileRef = C7758CF82069147D001CBF99 /* WallStreetViewController.swift */; };
		C7758CFC206961C5001CBF99 /* AppleViewController.swift in Sources */ = {isa = PBXBuildFile; fileRef = C7758CFB206961C5001CBF99 /* AppleViewController.swift */; };
		C7758CFE206962A4001CBF99 /* AppleTableViewCell.swift in Sources */ = {isa = PBXBuildFile; fileRef = C7758CFD206962A4001CBF99 /* AppleTableViewCell.swift */; };
		C7758D0020696383001CBF99 /* AppleWebViewController.swift in Sources */ = {isa = PBXBuildFile; fileRef = C7758CFF20696383001CBF99 /* AppleWebViewController.swift */; };
		C7758D03206967A7001CBF99 /* BitcoinViewController.swift in Sources */ = {isa = PBXBuildFile; fileRef = C7758D02206967A7001CBF99 /* BitcoinViewController.swift */; };
		C7758D05206967B2001CBF99 /* BitcoinWebViewController.swift in Sources */ = {isa = PBXBuildFile; fileRef = C7758D04206967B2001CBF99 /* BitcoinWebViewController.swift */; };
		C7758D07206967C0001CBF99 /* BitcoinTableViewCell.swift in Sources */ = {isa = PBXBuildFile; fileRef = C7758D06206967C0001CBF99 /* BitcoinTableViewCell.swift */; };
		C7E77FEF206E171F003659A4 /* News.swift in Sources */ = {isa = PBXBuildFile; fileRef = C7E77FEE206E171F003659A4 /* News.swift */; };
/* End PBXBuildFile section */

/* Begin PBXFileReference section */
		121A515C56BB9B8B95B7AB64 /* Pods_newsApp.framework */ = {isa = PBXFileReference; explicitFileType = wrapper.framework; includeInIndex = 0; path = Pods_newsApp.framework; sourceTree = BUILT_PRODUCTS_DIR; };
		4B9CF64DA5877A55B01C6649 /* Pods-newsApp.debug.xcconfig */ = {isa = PBXFileReference; includeInIndex = 1; lastKnownFileType = text.xcconfig; name = "Pods-newsApp.debug.xcconfig"; path = "Pods/Target Support Files/Pods-newsApp/Pods-newsApp.debug.xcconfig"; sourceTree = "<group>"; };
		508E86580E9CDE5B09863F7D /* Pods-newsApp.release.xcconfig */ = {isa = PBXFileReference; includeInIndex = 1; lastKnownFileType = text.xcconfig; name = "Pods-newsApp.release.xcconfig"; path = "Pods/Target Support Files/Pods-newsApp/Pods-newsApp.release.xcconfig"; sourceTree = "<group>"; };
		C7758C80206537F5001CBF99 /* newsApp.app */ = {isa = PBXFileReference; explicitFileType = wrapper.application; includeInIndex = 0; path = newsApp.app; sourceTree = BUILT_PRODUCTS_DIR; };
		C7758C83206537F5001CBF99 /* AppDelegate.swift */ = {isa = PBXFileReference; lastKnownFileType = sourcecode.swift; path = AppDelegate.swift; sourceTree = "<group>"; };
		C7758C85206537F5001CBF99 /* ViewController.swift */ = {isa = PBXFileReference; lastKnownFileType = sourcecode.swift; path = ViewController.swift; sourceTree = "<group>"; };
		C7758C88206537F5001CBF99 /* Base */ = {isa = PBXFileReference; lastKnownFileType = file.storyboard; name = Base; path = Base.lproj/Main.storyboard; sourceTree = "<group>"; };
		C7758C8A206537F5001CBF99 /* Assets.xcassets */ = {isa = PBXFileReference; lastKnownFileType = folder.assetcatalog; path = Assets.xcassets; sourceTree = "<group>"; };
		C7758C8D206537F5001CBF99 /* Base */ = {isa = PBXFileReference; lastKnownFileType = file.storyboard; name = Base; path = Base.lproj/LaunchScreen.storyboard; sourceTree = "<group>"; };
		C7758C8F206537F5001CBF99 /* Info.plist */ = {isa = PBXFileReference; lastKnownFileType = text.plist.xml; path = Info.plist; sourceTree = "<group>"; };
		C7758C952065427C001CBF99 /* WallStreetTableViewCell.swift */ = {isa = PBXFileReference; lastKnownFileType = sourcecode.swift; path = WallStreetTableViewCell.swift; sourceTree = "<group>"; };
		C7758CF82069147D001CBF99 /* WallStreetViewController.swift */ = {isa = PBXFileReference; fileEncoding = 4; lastKnownFileType = sourcecode.swift; path = WallStreetViewController.swift; sourceTree = "<group>"; };
		C7758CFB206961C5001CBF99 /* AppleViewController.swift */ = {isa = PBXFileReference; lastKnownFileType = sourcecode.swift; path = AppleViewController.swift; sourceTree = "<group>"; };
		C7758CFD206962A4001CBF99 /* AppleTableViewCell.swift */ = {isa = PBXFileReference; lastKnownFileType = sourcecode.swift; path = AppleTableViewCell.swift; sourceTree = "<group>"; };
		C7758CFF20696383001CBF99 /* AppleWebViewController.swift */ = {isa = PBXFileReference; lastKnownFileType = sourcecode.swift; path = AppleWebViewController.swift; sourceTree = "<group>"; };
		C7758D02206967A7001CBF99 /* BitcoinViewController.swift */ = {isa = PBXFileReference; lastKnownFileType = sourcecode.swift; path = BitcoinViewController.swift; sourceTree = "<group>"; };
		C7758D04206967B2001CBF99 /* BitcoinWebViewController.swift */ = {isa = PBXFileReference; lastKnownFileType = sourcecode.swift; path = BitcoinWebViewController.swift; sourceTree = "<group>"; };
		C7758D06206967C0001CBF99 /* BitcoinTableViewCell.swift */ = {isa = PBXFileReference; lastKnownFileType = sourcecode.swift; path = BitcoinTableViewCell.swift; sourceTree = "<group>"; };
		C7E77FEE206E171F003659A4 /* News.swift */ = {isa = PBXFileReference; lastKnownFileType = sourcecode.swift; path = News.swift; sourceTree = "<group>"; };
/* End PBXFileReference section */

/* Begin PBXFrameworksBuildPhase section */
		C7758C7D206537F5001CBF99 /* Frameworks */ = {
			isa = PBXFrameworksBuildPhase;
			buildActionMask = 2147483647;
			files = (
				9351539A3A97293B32E6B6DA /* Pods_newsApp.framework in Frameworks */,
			);
			runOnlyForDeploymentPostprocessing = 0;
		};
/* End PBXFrameworksBuildPhase section */

/* Begin PBXGroup section */
		C0A5E820B3F3F1D819689C55 /* Pods */ = {
			isa = PBXGroup;
			children = (
				4B9CF64DA5877A55B01C6649 /* Pods-newsApp.debug.xcconfig */,
				508E86580E9CDE5B09863F7D /* Pods-newsApp.release.xcconfig */,
			);
			name = Pods;
			sourceTree = "<group>";
		};
		C7758C77206537F5001CBF99 = {
			isa = PBXGroup;
			children = (
				C7758C82206537F5001CBF99 /* newsApp */,
				C7758C81206537F5001CBF99 /* Products */,
				C0A5E820B3F3F1D819689C55 /* Pods */,
				DC044ADD65BCA89A05E259CD /* Frameworks */,
			);
			sourceTree = "<group>";
		};
		C7758C81206537F5001CBF99 /* Products */ = {
			isa = PBXGroup;
			children = (
				C7758C80206537F5001CBF99 /* newsApp.app */,
			);
			name = Products;
			sourceTree = "<group>";
		};
		C7758C82206537F5001CBF99 /* newsApp */ = {
			isa = PBXGroup;
			children = (
				C7758D0120696799001CBF99 /* Bitcoin */,
				C7758CFA20696196001CBF99 /* Apple */,
				C7758CF720690C8D001CBF99 /* Wall Street */,
				C7758C83206537F5001CBF99 /* AppDelegate.swift */,
				C7758C87206537F5001CBF99 /* Main.storyboard */,
				C7758C8A206537F5001CBF99 /* Assets.xcassets */,
				C7758C8C206537F5001CBF99 /* LaunchScreen.storyboard */,
				C7758C8F206537F5001CBF99 /* Info.plist */,
				C7E77FEE206E171F003659A4 /* News.swift */,
			);
			path = newsApp;
			sourceTree = "<group>";
		};
		C7758CF720690C8D001CBF99 /* Wall Street */ = {
			isa = PBXGroup;
			children = (
				C7758CF82069147D001CBF99 /* WallStreetViewController.swift */,
				C7758C952065427C001CBF99 /* WallStreetTableViewCell.swift */,
				C7758C85206537F5001CBF99 /* ViewController.swift */,
			);
			path = "Wall Street";
			sourceTree = "<group>";
		};
		C7758CFA20696196001CBF99 /* Apple */ = {
			isa = PBXGroup;
			children = (
				C7758CFB206961C5001CBF99 /* AppleViewController.swift */,
				C7758CFD206962A4001CBF99 /* AppleTableViewCell.swift */,
				C7758CFF20696383001CBF99 /* AppleWebViewController.swift */,
			);
			path = Apple;
			sourceTree = "<group>";
		};
		C7758D0120696799001CBF99 /* Bitcoin */ = {
			isa = PBXGroup;
			children = (
				C7758D02206967A7001CBF99 /* BitcoinViewController.swift */,
				C7758D04206967B2001CBF99 /* BitcoinWebViewController.swift */,
				C7758D06206967C0001CBF99 /* BitcoinTableViewCell.swift */,
			);
			path = Bitcoin;
			sourceTree = "<group>";
		};
		DC044ADD65BCA89A05E259CD /* Frameworks */ = {
			isa = PBXGroup;
			children = (
				121A515C56BB9B8B95B7AB64 /* Pods_newsApp.framework */,
			);
			name = Frameworks;
			sourceTree = "<group>";
		};
/* End PBXGroup section */

/* Begin PBXNativeTarget section */
		C7758C7F206537F5001CBF99 /* newsApp */ = {
			isa = PBXNativeTarget;
			buildConfigurationList = C7758C92206537F5001CBF99 /* Build configuration list for PBXNativeTarget "newsApp" */;
			buildPhases = (
				7309A4D3016290BF1231862E /* [CP] Check Pods Manifest.lock */,
				C7758C7C206537F5001CBF99 /* Sources */,
				C7758C7D206537F5001CBF99 /* Frameworks */,
				C7758C7E206537F5001CBF99 /* Resources */,
				C4B10F838C6A9B96077E9215 /* [CP] Embed Pods Frameworks */,
				6C0F553308BC4F78E7FFB9C3 /* [CP] Copy Pods Resources */,
			);
			buildRules = (
			);
			dependencies = (
			);
			name = newsApp;
			productName = newsApp;
			productReference = C7758C80206537F5001CBF99 /* newsApp.app */;
			productType = "com.apple.product-type.application";
		};
/* End PBXNativeTarget section */

/* Begin PBXProject section */
		C7758C78206537F5001CBF99 /* Project object */ = {
			isa = PBXProject;
			attributes = {
				LastSwiftUpdateCheck = 0920;
				LastUpgradeCheck = 0920;
				ORGANIZATIONNAME = "Adarsh Sinha";
				TargetAttributes = {
					C7758C7F206537F5001CBF99 = {
						CreatedOnToolsVersion = 9.2;
						ProvisioningStyle = Automatic;
					};
				};
			};
			buildConfigurationList = C7758C7B206537F5001CBF99 /* Build configuration list for PBXProject "newsApp" */;
			compatibilityVersion = "Xcode 8.0";
			developmentRegion = en;
			hasScannedForEncodings = 0;
			knownRegions = (
				en,
				Base,
			);
			mainGroup = C7758C77206537F5001CBF99;
			productRefGroup = C7758C81206537F5001CBF99 /* Products */;
			projectDirPath = "";
			projectRoot = "";
			targets = (
				C7758C7F206537F5001CBF99 /* newsApp */,
			);
		};
/* End PBXProject section */

/* Begin PBXResourcesBuildPhase section */
		C7758C7E206537F5001CBF99 /* Resources */ = {
			isa = PBXResourcesBuildPhase;
			buildActionMask = 2147483647;
			files = (
				C7758C8E206537F5001CBF99 /* LaunchScreen.storyboard in Resources */,
				C7758C8B206537F5001CBF99 /* Assets.xcassets in Resources */,
				C7758C89206537F5001CBF99 /* Main.storyboard in Resources */,
			);
			runOnlyForDeploymentPostprocessing = 0;
		};
/* End PBXResourcesBuildPhase section */

/* Begin PBXShellScriptBuildPhase section */
		6C0F553308BC4F78E7FFB9C3 /* [CP] Copy Pods Resources */ = {
			isa = PBXShellScriptBuildPhase;
			buildActionMask = 2147483647;
			files = (
			);
			inputPaths = (
			);
			name = "[CP] Copy Pods Resources";
			outputPaths = (
			);
			runOnlyForDeploymentPostprocessing = 0;
			shellPath = /bin/sh;
			shellScript = "\"${SRCROOT}/Pods/Target Support Files/Pods-newsApp/Pods-newsApp-resources.sh\"\n";
			showEnvVarsInLog = 0;
		};
		7309A4D3016290BF1231862E /* [CP] Check Pods Manifest.lock */ = {
			isa = PBXShellScriptBuildPhase;
			buildActionMask = 2147483647;
			files = (
			);
			inputPaths = (
				"${PODS_PODFILE_DIR_PATH}/Podfile.lock",
				"${PODS_ROOT}/Manifest.lock",
			);
			name = "[CP] Check Pods Manifest.lock";
			outputPaths = (
				"$(DERIVED_FILE_DIR)/Pods-newsApp-checkManifestLockResult.txt",
			);
			runOnlyForDeploymentPostprocessing = 0;
			shellPath = /bin/sh;
			shellScript = "diff \"${PODS_PODFILE_DIR_PATH}/Podfile.lock\" \"${PODS_ROOT}/Manifest.lock\" > /dev/null\nif [ $? != 0 ] ; then\n    # print error to STDERR\n    echo \"error: The sandbox is not in sync with the Podfile.lock. Run 'pod install' or update your CocoaPods installation.\" >&2\n    exit 1\nfi\n# This output is used by Xcode 'outputs' to avoid re-running this script phase.\necho \"SUCCESS\" > \"${SCRIPT_OUTPUT_FILE_0}\"\n";
			showEnvVarsInLog = 0;
		};
		C4B10F838C6A9B96077E9215 /* [CP] Embed Pods Frameworks */ = {
			isa = PBXShellScriptBuildPhase;
			buildActionMask = 2147483647;
			files = (
			);
			inputPaths = (
				"${SRCROOT}/Pods/Target Support Files/Pods-newsApp/Pods-newsApp-frameworks.sh",
				"${BUILT_PRODUCTS_DIR}/SwiftyJSON/SwiftyJSON.framework",
			);
			name = "[CP] Embed Pods Frameworks";
			outputPaths = (
				"${TARGET_BUILD_DIR}/${FRAMEWORKS_FOLDER_PATH}/SwiftyJSON.framework",
			);
			runOnlyForDeploymentPostprocessing = 0;
			shellPath = /bin/sh;
			shellScript = "\"${SRCROOT}/Pods/Target Support Files/Pods-newsApp/Pods-newsApp-frameworks.sh\"\n";
			showEnvVarsInLog = 0;
		};
/* End PBXShellScriptBuildPhase section */

/* Begin PBXSourcesBuildPhase section */
		C7758C7C206537F5001CBF99 /* Sources */ = {
			isa = PBXSourcesBuildPhase;
			buildActionMask = 2147483647;
			files = (
				C7758C86206537F5001CBF99 /* ViewController.swift in Sources */,
				C7758C962065427C001CBF99 /* WallStreetTableViewCell.swift in Sources */,
				C7758CFE206962A4001CBF99 /* AppleTableViewCell.swift in Sources */,
				C7758CFC206961C5001CBF99 /* AppleViewController.swift in Sources */,
				C7758D0020696383001CBF99 /* AppleWebViewController.swift in Sources */,
				C7758D05206967B2001CBF99 /* BitcoinWebViewController.swift in Sources */,
				C7E77FEF206E171F003659A4 /* News.swift in Sources */,
				C7758D03206967A7001CBF99 /* BitcoinViewController.swift in Sources */,
				C7758C84206537F5001CBF99 /* AppDelegate.swift in Sources */,
				C7758D07206967C0001CBF99 /* BitcoinTableViewCell.swift in Sources */,
				C7758CF92069147D001CBF99 /* WallStreetViewController.swift in Sources */,
			);
			runOnlyForDeploymentPostprocessing = 0;
		};
/* End PBXSourcesBuildPhase section */

/* Begin PBXVariantGroup section */
		C7758C87206537F5001CBF99 /* Main.storyboard */ = {
			isa = PBXVariantGroup;
			children = (
				C7758C88206537F5001CBF99 /* Base */,
			);
			name = Main.storyboard;
			sourceTree = "<group>";
		};
		C7758C8C206537F5001CBF99 /* LaunchScreen.storyboard */ = {
			isa = PBXVariantGroup;
			children = (
				C7758C8D206537F5001CBF99 /* Base */,
			);
			name = LaunchScreen.storyboard;
			sourceTree = "<group>";
		};
/* End PBXVariantGroup section */

/* Begin XCBuildConfiguration section */
		C7758C90206537F5001CBF99 /* Debug */ = {
			isa = XCBuildConfiguration;
			buildSettings = {
				ALWAYS_SEARCH_USER_PATHS = NO;
				CLANG_ANALYZER_NONNULL = YES;
				CLANG_ANALYZER_NUMBER_OBJECT_CONVERSION = YES_AGGRESSIVE;
				CLANG_CXX_LANGUAGE_STANDARD = "gnu++14";
				CLANG_CXX_LIBRARY = "libc++";
				CLANG_ENABLE_MODULES = YES;
				CLANG_ENABLE_OBJC_ARC = YES;
				CLANG_WARN_BLOCK_CAPTURE_AUTORELEASING = YES;
				CLANG_WARN_BOOL_CONVERSION = YES;
				CLANG_WARN_COMMA = YES;
				CLANG_WARN_CONSTANT_CONVERSION = YES;
				CLANG_WARN_DIRECT_OBJC_ISA_USAGE = YES_ERROR;
				CLANG_WARN_DOCUMENTATION_COMMENTS = YES;
				CLANG_WARN_EMPTY_BODY = YES;
				CLANG_WARN_ENUM_CONVERSION = YES;
				CLANG_WARN_INFINITE_RECURSION = YES;
				CLANG_WARN_INT_CONVERSION = YES;
				CLANG_WARN_NON_LITERAL_NULL_CONVERSION = YES;
				CLANG_WARN_OBJC_LITERAL_CONVERSION = YES;
				CLANG_WARN_OBJC_ROOT_CLASS = YES_ERROR;
				CLANG_WARN_RANGE_LOOP_ANALYSIS = YES;
				CLANG_WARN_STRICT_PROTOTYPES = YES;
				CLANG_WARN_SUSPICIOUS_MOVE = YES;
				CLANG_WARN_UNGUARDED_AVAILABILITY = YES_AGGRESSIVE;
				CLANG_WARN_UNREACHABLE_CODE = YES;
				CLANG_WARN__DUPLICATE_METHOD_MATCH = YES;
				CODE_SIGN_IDENTITY = "iPhone Developer";
				COPY_PHASE_STRIP = NO;
				DEBUG_INFORMATION_FORMAT = dwarf;
				ENABLE_STRICT_OBJC_MSGSEND = YES;
				ENABLE_TESTABILITY = YES;
				GCC_C_LANGUAGE_STANDARD = gnu11;
				GCC_DYNAMIC_NO_PIC = NO;
				GCC_NO_COMMON_BLOCKS = YES;
				GCC_OPTIMIZATION_LEVEL = 0;
				GCC_PREPROCESSOR_DEFINITIONS = (
					"DEBUG=1",
					"$(inherited)",
				);
				GCC_WARN_64_TO_32_BIT_CONVERSION = YES;
				GCC_WARN_ABOUT_RETURN_TYPE = YES_ERROR;
				GCC_WARN_UNDECLARED_SELECTOR = YES;
				GCC_WARN_UNINITIALIZED_AUTOS = YES_AGGRESSIVE;
				GCC_WARN_UNUSED_FUNCTION = YES;
				GCC_WARN_UNUSED_VARIABLE = YES;
				IPHONEOS_DEPLOYMENT_TARGET = 11.2;
				MTL_ENABLE_DEBUG_INFO = YES;
				ONLY_ACTIVE_ARCH = YES;
				SDKROOT = iphoneos;
				SWIFT_ACTIVE_COMPILATION_CONDITIONS = DEBUG;
				SWIFT_OPTIMIZATION_LEVEL = "-Onone";
			};
			name = Debug;
		};
		C7758C91206537F5001CBF99 /* Release */ = {
			isa = XCBuildConfiguration;
			buildSettings = {
				ALWAYS_SEARCH_USER_PATHS = NO;
				CLANG_ANALYZER_NONNULL = YES;
				CLANG_ANALYZER_NUMBER_OBJECT_CONVERSION = YES_AGGRESSIVE;
				CLANG_CXX_LANGUAGE_STANDARD = "gnu++14";
				CLANG_CXX_LIBRARY = "libc++";
				CLANG_ENABLE_MODULES = YES;
				CLANG_ENABLE_OBJC_ARC = YES;
				CLANG_WARN_BLOCK_CAPTURE_AUTORELEASING = YES;
				CLANG_WARN_BOOL_CONVERSION = YES;
				CLANG_WARN_COMMA = YES;
				CLANG_WARN_CONSTANT_CONVERSION = YES;
				CLANG_WARN_DIRECT_OBJC_ISA_USAGE = YES_ERROR;
				CLANG_WARN_DOCUMENTATION_COMMENTS = YES;
				CLANG_WARN_EMPTY_BODY = YES;
				CLANG_WARN_ENUM_CONVERSION = YES;
				CLANG_WARN_INFINITE_RECURSION = YES;
				CLANG_WARN_INT_CONVERSION = YES;
				CLANG_WARN_NON_LITERAL_NULL_CONVERSION = YES;
				CLANG_WARN_OBJC_LITERAL_CONVERSION = YES;
				CLANG_WARN_OBJC_ROOT_CLASS = YES_ERROR;
				CLANG_WARN_RANGE_LOOP_ANALYSIS = YES;
				CLANG_WARN_STRICT_PROTOTYPES = YES;
				CLANG_WARN_SUSPICIOUS_MOVE = YES;
				CLANG_WARN_UNGUARDED_AVAILABILITY = YES_AGGRESSIVE;
				CLANG_WARN_UNREACHABLE_CODE = YES;
				CLANG_WARN__DUPLICATE_METHOD_MATCH = YES;
				CODE_SIGN_IDENTITY = "iPhone Developer";
				COPY_PHASE_STRIP = NO;
				DEBUG_INFORMATION_FORMAT = "dwarf-with-dsym";
				ENABLE_NS_ASSERTIONS = NO;
				ENABLE_STRICT_OBJC_MSGSEND = YES;
				GCC_C_LANGUAGE_STANDARD = gnu11;
				GCC_NO_COMMON_BLOCKS = YES;
				GCC_WARN_64_TO_32_BIT_CONVERSION = YES;
				GCC_WARN_ABOUT_RETURN_TYPE = YES_ERROR;
				GCC_WARN_UNDECLARED_SELECTOR = YES;
				GCC_WARN_UNINITIALIZED_AUTOS = YES_AGGRESSIVE;
				GCC_WARN_UNUSED_FUNCTION = YES;
				GCC_WARN_UNUSED_VARIABLE = YES;
				IPHONEOS_DEPLOYMENT_TARGET = 11.2;
				MTL_ENABLE_DEBUG_INFO = NO;
				SDKROOT = iphoneos;
				SWIFT_OPTIMIZATION_LEVEL = "-Owholemodule";
				VALIDATE_PRODUCT = YES;
			};
			name = Release;
		};
		C7758C93206537F5001CBF99 /* Debug */ = {
			isa = XCBuildConfiguration;
			baseConfigurationReference = 4B9CF64DA5877A55B01C6649 /* Pods-newsApp.debug.xcconfig */;
			buildSettings = {
				ASSETCATALOG_COMPILER_APPICON_NAME = AppIcon;
				CODE_SIGN_STYLE = Automatic;
				DEVELOPMENT_TEAM = 7HYZH59C93;
				INFOPLIST_FILE = newsApp/Info.plist;
				LD_RUNPATH_SEARCH_PATHS = "$(inherited) @executable_path/Frameworks";
				PRODUCT_BUNDLE_IDENTIFIER = com.AdarshSinha.newsApp;
				PRODUCT_NAME = "$(TARGET_NAME)";
				SWIFT_VERSION = 4.0;
				TARGETED_DEVICE_FAMILY = "1,2";
			};
			name = Debug;
		};
		C7758C94206537F5001CBF99 /* Release */ = {
			isa = XCBuildConfiguration;
			baseConfigurationReference = 508E86580E9CDE5B09863F7D /* Pods-newsApp.release.xcconfig */;
			buildSettings = {
				ASSETCATALOG_COMPILER_APPICON_NAME = AppIcon;
				CODE_SIGN_STYLE = Automatic;
				DEVELOPMENT_TEAM = 7HYZH59C93;
				INFOPLIST_FILE = newsApp/Info.plist;
				LD_RUNPATH_SEARCH_PATHS = "$(inherited) @executable_path/Frameworks";
				PRODUCT_BUNDLE_IDENTIFIER = com.AdarshSinha.newsApp;
				PRODUCT_NAME = "$(TARGET_NAME)";
				SWIFT_VERSION = 4.0;
				TARGETED_DEVICE_FAMILY = "1,2";
			};
			name = Release;
		};
/* End XCBuildConfiguration section */

/* Begin XCConfigurationList section */
		C7758C7B206537F5001CBF99 /* Build configuration list for PBXProject "newsApp" */ = {
			isa = XCConfigurationList;
			buildConfigurations = (
				C7758C90206537F5001CBF99 /* Debug */,
				C7758C91206537F5001CBF99 /* Release */,
			);
			defaultConfigurationIsVisible = 0;
			defaultConfigurationName = Release;
		};
		C7758C92206537F5001CBF99 /* Build configuration list for PBXNativeTarget "newsApp" */ = {
			isa = XCConfigurationList;
			buildConfigurations = (
				C7758C93206537F5001CBF99 /* Debug */,
				C7758C94206537F5001CBF99 /* Release */,
			);
			defaultConfigurationIsVisible = 0;
			defaultConfigurationName = Release;
		};
/* End XCConfigurationList section */
	};
	rootObject = C7758C78206537F5001CBF99 /* Project object */;
}
